
Microsoft Visual Studio Solution File, Format Version 12.00
# Visual Studio Version 17
VisualStudioVersion = 17.10.35013.160
MinimumVisualStudioVersion = 10.0.40219.1
Project("{FAE04EC0-301F-11D3-BF4B-00C04F79EFBC}") = "trouble2", "trouble2\trouble2.csproj", "{4A883FD4-B983-4C05-9E41-CF77C986A1EA}"
EndProject
Global
	GlobalSection(SolutionConfigurationPlatforms) = preSolution
		Debug|Any CPU = Debug|Any CPU
		Release|Any CPU = Release|Any CPU
	EndGlobalSection
	GlobalSection(ProjectConfigurationPlatforms) = postSolution
		{4A883FD4-B983-4C05-9E41-CF77C986A1EA}.Debug|Any CPU.ActiveCfg = Debug|Any CPU
		{4A883FD4-B983-4C05-9E41-CF77C986A1EA}.Debug|Any CPU.Build.0 = Debug|Any CPU
		{4A883FD4-B983-4C05-9E41-CF77C986A1EA}.Release|Any CPU.ActiveCfg = Release|Any CPU
		{4A883FD4-B983-4C05-9E41-CF77C986A1EA}.Release|Any CPU.Build.0 = Release|Any CPU
	EndGlobalSection
	GlobalSection(SolutionProperties) = preSolution
		HideSolutionNode = FALSE
	EndGlobalSection
	GlobalSection(ExtensibilityGlobals) = postSolution
		SolutionGuid = {DFF8EC2B-CC9E-449B-AA98-B55B454CC913}
	EndGlobalSection
EndGlobal
